
Microsoft Visual Studio Solution File, Format Version 12.00
# Visual Studio Version 16
VisualStudioVersion = 16.0.29519.181
MinimumVisualStudioVersion = 10.0.40219.1
Project("{FAE04EC0-301F-11D3-BF4B-00C04F79EFBC}") = "BookListRazor", "BookListRazor.csproj", "{B3B4DECA-06AB-411D-A6DB-35AC73E4BA51}"
EndProject
Global
	GlobalSection(SolutionConfigurationPlatforms) = preSolution
		Debug|Any CPU = Debug|Any CPU
		Release|Any CPU = Release|Any CPU
	EndGlobalSection
	GlobalSection(ProjectConfigurationPlatforms) = postSolution
		{B3B4DECA-06AB-411D-A6DB-35AC73E4BA51}.Debug|Any CPU.ActiveCfg = Debug|Any CPU
		{B3B4DECA-06AB-411D-A6DB-35AC73E4BA51}.Debug|Any CPU.Build.0 = Debug|Any CPU
		{B3B4DECA-06AB-411D-A6DB-35AC73E4BA51}.Release|Any CPU.ActiveCfg = Release|Any CPU
		{B3B4DECA-06AB-411D-A6DB-35AC73E4BA51}.Release|Any CPU.Build.0 = Release|Any CPU
	EndGlobalSection
	GlobalSection(SolutionProperties) = preSolution
		HideSolutionNode = FALSE
	EndGlobalSection
	GlobalSection(ExtensibilityGlobals) = postSolution
		SolutionGuid = {E0509E0C-7DFB-4809-8578-B662F2AC48B3}
	EndGlobalSection
EndGlobal
